
Microsoft Visual Studio Solution File, Format Version 12.00
# Visual Studio Version 17
VisualStudioVersion = 17.9.34414.90
MinimumVisualStudioVersion = 10.0.40219.1
Project("{9A19103F-16F7-4668-BE54-9A1E7A4F7556}") = "HelloShop.AppHost", "src\HelloShop.AppHost\HelloShop.AppHost.csproj", "{6E0528E7-81A4-4AA4-9E04-BDDB40CD33EC}"
EndProject
Project("{9A19103F-16F7-4668-BE54-9A1E7A4F7556}") = "HelloShop.ServiceDefaults", "src\HelloShop.ServiceDefaults\HelloShop.ServiceDefaults.csproj", "{800A173E-67E6-44BC-9BF1-52562A785A34}"
EndProject
Project("{9A19103F-16F7-4668-BE54-9A1E7A4F7556}") = "HelloShop.ApiService", "src\HelloShop.ApiService\HelloShop.ApiService.csproj", "{F8D111B0-BF41-4F76-B404-BDDDC53A4462}"
EndProject
Project("{9A19103F-16F7-4668-BE54-9A1E7A4F7556}") = "HelloShop.IdentityService", "src\HelloShop.IdentityService\HelloShop.IdentityService.csproj", "{5C355BCB-A344-4259-82D1-1DA07EE9C83A}"
EndProject
Project("{9A19103F-16F7-4668-BE54-9A1E7A4F7556}") = "HelloShop.OrderingService", "src\HelloShop.OrderingService\HelloShop.OrderingService.csproj", "{C4789097-3694-4370-9252-44268661A26E}"
EndProject
Project("{9A19103F-16F7-4668-BE54-9A1E7A4F7556}") = "HelloShop.ProductService", "src\HelloShop.ProductService\HelloShop.ProductService.csproj", "{B4C0ADA2-0442-4B7E-BFD9-AA39B52A0D42}"
EndProject
Project("{9A19103F-16F7-4668-BE54-9A1E7A4F7556}") = "HelloShop.BasketService", "src\HelloShop.BasketService\HelloShop.BasketService.csproj", "{02EBA5AD-84B4-4AF4-B519-72061C08800D}"
EndProject
Project("{2150E333-8FDC-42A3-9474-1A3956D46DE8}") = "src", "src", "{1AD03316-A743-4E9D-B3BC-FB9499D15141}"
EndProject
Project("{2150E333-8FDC-42A3-9474-1A3956D46DE8}") = "tests", "tests", "{29BE158E-825E-48AB-A02D-4E537A5DC502}"
EndProject
Project("{9A19103F-16F7-4668-BE54-9A1E7A4F7556}") = "HelloShop.ProductService.UnitTests", "tests\HelloShop.ProductService.UnitTests\HelloShop.ProductService.UnitTests.csproj", "{2022279A-E39F-4489-82AE-39AC53C594C9}"
EndProject
Project("{9A19103F-16F7-4668-BE54-9A1E7A4F7556}") = "HelloShop.ProductService.FunctionalTests", "tests\HelloShop.ProductService.FunctionalTests\HelloShop.ProductService.FunctionalTests.csproj", "{45932B7F-6ED0-40F3-AA2C-F14A844FEE18}"
EndProject
Project("{9A19103F-16F7-4668-BE54-9A1E7A4F7556}") = "HelloShop.FunctionalTests", "tests\HelloShop.FunctionalTests\HelloShop.FunctionalTests.csproj", "{6BAA9747-E0D0-41B9-8A1B-88B777498C43}"
EndProject
Project("{FAE04EC0-301F-11D3-BF4B-00C04F79EFBC}") = "HelloShop.BasketService.UnitTests", "tests\HelloShop.BasketService.UnitTests\HelloShop.BasketService.UnitTests.csproj", "{BE88233A-D6EB-462B-B53C-B588A0BEFAFC}"
EndProject
Project("{2150E333-8FDC-42A3-9474-1A3956D46DE8}") = "libraries", "libraries", "{02EA681E-C7D8-13C7-8484-4AC65E1B71E8}"
EndProject
Project("{FAE04EC0-301F-11D3-BF4B-00C04F79EFBC}") = "HelloShop.EventBus.Abstractions", "libraries\HelloShop.EventBus.Abstractions\HelloShop.EventBus.Abstractions.csproj", "{9959387D-8C47-462C-808E-A1E865658C3F}"
EndProject
Project("{FAE04EC0-301F-11D3-BF4B-00C04F79EFBC}") = "HelloShop.EventBus.Dapr", "libraries\HelloShop.EventBus.Dapr\HelloShop.EventBus.Dapr.csproj", "{2FD0A058-A447-42C7-A00B-711B2D0B3333}"
EndProject
Project("{FAE04EC0-301F-11D3-BF4B-00C04F79EFBC}") = "HelloShop.EventBus.RabbitMQ", "libraries\HelloShop.EventBus.RabbitMQ\HelloShop.EventBus.RabbitMQ.csproj", "{5D403BF6-9267-4B0F-AEB3-2143C8BBA8CD}"
EndProject
Project("{FAE04EC0-301F-11D3-BF4B-00C04F79EFBC}") = "HelloShop.DistributedLock", "libraries\HelloShop.DistributedLock\HelloShop.DistributedLock.csproj", "{86729635-8E31-4C53-81AE-7C410C848219}"
EndProject
Project("{FAE04EC0-301F-11D3-BF4B-00C04F79EFBC}") = "HelloShop.DistributedLock.Dapr", "libraries\HelloShop.DistributedLock.Dapr\HelloShop.DistributedLock.Dapr.csproj", "{37F01A0B-50D6-48BA-8A20-FBADB5524CD7}"
EndProject
Project("{FAE04EC0-301F-11D3-BF4B-00C04F79EFBC}") = "HelloShop.EventBus.Logging", "libraries\HelloShop.EventBus.Logging\HelloShop.EventBus.Logging.csproj", "{ACBA2FA9-ADBB-4FCD-A303-6D8D4B2131AA}"
EndProject
Project("{FAE04EC0-301F-11D3-BF4B-00C04F79EFBC}") = "HelloShop.AppShared", "src\HelloShop.AppShared\HelloShop.AppShared.csproj", "{6636FED3-3BE6-4A5F-A8F9-15ED4FC71A3A}"
EndProject
Project("{FAE04EC0-301F-11D3-BF4B-00C04F79EFBC}") = "HelloShop.WebApp", "src\HelloShop.WebApp\HelloShop.WebApp\HelloShop.WebApp.csproj", "{3D558DAB-E330-0B21-6BFD-6B3CC78AB653}"
EndProject
Project("{FAE04EC0-301F-11D3-BF4B-00C04F79EFBC}") = "HelloShop.WebApp.Client", "src\HelloShop.WebApp\HelloShop.WebApp.Client\HelloShop.WebApp.Client.csproj", "{64268ECF-AB72-5485-9CEA-D8350A202CA8}"
EndProject
Project("{FAE04EC0-301F-11D3-BF4B-00C04F79EFBC}") = "HelloShop.HybridApp", "src\HelloShop.HybridApp\HelloShop.HybridApp.csproj", "{D2046750-0B6D-41CC-8C87-BE3524FDC9C7}"
EndProject
Global
	GlobalSection(SolutionConfigurationPlatforms) = preSolution
		Debug|Any CPU = Debug|Any CPU
		Release|Any CPU = Release|Any CPU
	EndGlobalSection
	GlobalSection(ProjectConfigurationPlatforms) = postSolution
		{6E0528E7-81A4-4AA4-9E04-BDDB40CD33EC}.Debug|Any CPU.ActiveCfg = Debug|Any CPU
		{6E0528E7-81A4-4AA4-9E04-BDDB40CD33EC}.Debug|Any CPU.Build.0 = Debug|Any CPU
		{6E0528E7-81A4-4AA4-9E04-BDDB40CD33EC}.Release|Any CPU.ActiveCfg = Release|Any CPU
		{6E0528E7-81A4-4AA4-9E04-BDDB40CD33EC}.Release|Any CPU.Build.0 = Release|Any CPU
		{800A173E-67E6-44BC-9BF1-52562A785A34}.Debug|Any CPU.ActiveCfg = Debug|Any CPU
		{800A173E-67E6-44BC-9BF1-52562A785A34}.Debug|Any CPU.Build.0 = Debug|Any CPU
		{800A173E-67E6-44BC-9BF1-52562A785A34}.Release|Any CPU.ActiveCfg = Release|Any CPU
		{800A173E-67E6-44BC-9BF1-52562A785A34}.Release|Any CPU.Build.0 = Release|Any CPU
		{F8D111B0-BF41-4F76-B404-BDDDC53A4462}.Debug|Any CPU.ActiveCfg = Debug|Any CPU
		{F8D111B0-BF41-4F76-B404-BDDDC53A4462}.Debug|Any CPU.Build.0 = Debug|Any CPU
		{F8D111B0-BF41-4F76-B404-BDDDC53A4462}.Release|Any CPU.ActiveCfg = Release|Any CPU
		{F8D111B0-BF41-4F76-B404-BDDDC53A4462}.Release|Any CPU.Build.0 = Release|Any CPU
		{5C355BCB-A344-4259-82D1-1DA07EE9C83A}.Debug|Any CPU.ActiveCfg = Debug|Any CPU
		{5C355BCB-A344-4259-82D1-1DA07EE9C83A}.Debug|Any CPU.Build.0 = Debug|Any CPU
		{5C355BCB-A344-4259-82D1-1DA07EE9C83A}.Release|Any CPU.ActiveCfg = Release|Any CPU
		{5C355BCB-A344-4259-82D1-1DA07EE9C83A}.Release|Any CPU.Build.0 = Release|Any CPU
		{C4789097-3694-4370-9252-44268661A26E}.Debug|Any CPU.ActiveCfg = Debug|Any CPU
		{C4789097-3694-4370-9252-44268661A26E}.Debug|Any CPU.Build.0 = Debug|Any CPU
		{C4789097-3694-4370-9252-44268661A26E}.Release|Any CPU.ActiveCfg = Release|Any CPU
		{C4789097-3694-4370-9252-44268661A26E}.Release|Any CPU.Build.0 = Release|Any CPU
		{B4C0ADA2-0442-4B7E-BFD9-AA39B52A0D42}.Debug|Any CPU.ActiveCfg = Debug|Any CPU
		{B4C0ADA2-0442-4B7E-BFD9-AA39B52A0D42}.Debug|Any CPU.Build.0 = Debug|Any CPU
		{B4C0ADA2-0442-4B7E-BFD9-AA39B52A0D42}.Release|Any CPU.ActiveCfg = Release|Any CPU
		{B4C0ADA2-0442-4B7E-BFD9-AA39B52A0D42}.Release|Any CPU.Build.0 = Release|Any CPU
		{02EBA5AD-84B4-4AF4-B519-72061C08800D}.Debug|Any CPU.ActiveCfg = Debug|Any CPU
		{02EBA5AD-84B4-4AF4-B519-72061C08800D}.Debug|Any CPU.Build.0 = Debug|Any CPU
		{02EBA5AD-84B4-4AF4-B519-72061C08800D}.Release|Any CPU.ActiveCfg = Release|Any CPU
		{02EBA5AD-84B4-4AF4-B519-72061C08800D}.Release|Any CPU.Build.0 = Release|Any CPU
		{2022279A-E39F-4489-82AE-39AC53C594C9}.Debug|Any CPU.ActiveCfg = Debug|Any CPU
		{2022279A-E39F-4489-82AE-39AC53C594C9}.Debug|Any CPU.Build.0 = Debug|Any CPU
		{2022279A-E39F-4489-82AE-39AC53C594C9}.Release|Any CPU.ActiveCfg = Release|Any CPU
		{2022279A-E39F-4489-82AE-39AC53C594C9}.Release|Any CPU.Build.0 = Release|Any CPU
		{45932B7F-6ED0-40F3-AA2C-F14A844FEE18}.Debug|Any CPU.ActiveCfg = Debug|Any CPU
		{45932B7F-6ED0-40F3-AA2C-F14A844FEE18}.Debug|Any CPU.Build.0 = Debug|Any CPU
		{45932B7F-6ED0-40F3-AA2C-F14A844FEE18}.Release|Any CPU.ActiveCfg = Release|Any CPU
		{45932B7F-6ED0-40F3-AA2C-F14A844FEE18}.Release|Any CPU.Build.0 = Release|Any CPU
		{6BAA9747-E0D0-41B9-8A1B-88B777498C43}.Debug|Any CPU.ActiveCfg = Debug|Any CPU
		{6BAA9747-E0D0-41B9-8A1B-88B777498C43}.Debug|Any CPU.Build.0 = Debug|Any CPU
		{6BAA9747-E0D0-41B9-8A1B-88B777498C43}.Release|Any CPU.ActiveCfg = Release|Any CPU
		{6BAA9747-E0D0-41B9-8A1B-88B777498C43}.Release|Any CPU.Build.0 = Release|Any CPU
		{BE88233A-D6EB-462B-B53C-B588A0BEFAFC}.Debug|Any CPU.ActiveCfg = Debug|Any CPU
		{BE88233A-D6EB-462B-B53C-B588A0BEFAFC}.Debug|Any CPU.Build.0 = Debug|Any CPU
		{BE88233A-D6EB-462B-B53C-B588A0BEFAFC}.Release|Any CPU.ActiveCfg = Release|Any CPU
		{BE88233A-D6EB-462B-B53C-B588A0BEFAFC}.Release|Any CPU.Build.0 = Release|Any CPU
		{9959387D-8C47-462C-808E-A1E865658C3F}.Debug|Any CPU.ActiveCfg = Debug|Any CPU
		{9959387D-8C47-462C-808E-A1E865658C3F}.Debug|Any CPU.Build.0 = Debug|Any CPU
		{9959387D-8C47-462C-808E-A1E865658C3F}.Release|Any CPU.ActiveCfg = Release|Any CPU
		{9959387D-8C47-462C-808E-A1E865658C3F}.Release|Any CPU.Build.0 = Release|Any CPU
		{2FD0A058-A447-42C7-A00B-711B2D0B3333}.Debug|Any CPU.ActiveCfg = Debug|Any CPU
		{2FD0A058-A447-42C7-A00B-711B2D0B3333}.Debug|Any CPU.Build.0 = Debug|Any CPU
		{2FD0A058-A447-42C7-A00B-711B2D0B3333}.Release|Any CPU.ActiveCfg = Release|Any CPU
		{2FD0A058-A447-42C7-A00B-711B2D0B3333}.Release|Any CPU.Build.0 = Release|Any CPU
		{5D403BF6-9267-4B0F-AEB3-2143C8BBA8CD}.Debug|Any CPU.ActiveCfg = Debug|Any CPU
		{5D403BF6-9267-4B0F-AEB3-2143C8BBA8CD}.Debug|Any CPU.Build.0 = Debug|Any CPU
		{5D403BF6-9267-4B0F-AEB3-2143C8BBA8CD}.Release|Any CPU.ActiveCfg = Release|Any CPU
		{5D403BF6-9267-4B0F-AEB3-2143C8BBA8CD}.Release|Any CPU.Build.0 = Release|Any CPU
		{86729635-8E31-4C53-81AE-7C410C848219}.Debug|Any CPU.ActiveCfg = Debug|Any CPU
		{86729635-8E31-4C53-81AE-7C410C848219}.Debug|Any CPU.Build.0 = Debug|Any CPU
		{86729635-8E31-4C53-81AE-7C410C848219}.Release|Any CPU.ActiveCfg = Release|Any CPU
		{86729635-8E31-4C53-81AE-7C410C848219}.Release|Any CPU.Build.0 = Release|Any CPU
		{37F01A0B-50D6-48BA-8A20-FBADB5524CD7}.Debug|Any CPU.ActiveCfg = Debug|Any CPU
		{37F01A0B-50D6-48BA-8A20-FBADB5524CD7}.Debug|Any CPU.Build.0 = Debug|Any CPU
		{37F01A0B-50D6-48BA-8A20-FBADB5524CD7}.Release|Any CPU.ActiveCfg = Release|Any CPU
		{37F01A0B-50D6-48BA-8A20-FBADB5524CD7}.Release|Any CPU.Build.0 = Release|Any CPU
		{ACBA2FA9-ADBB-4FCD-A303-6D8D4B2131AA}.Debug|Any CPU.ActiveCfg = Debug|Any CPU
		{ACBA2FA9-ADBB-4FCD-A303-6D8D4B2131AA}.Debug|Any CPU.Build.0 = Debug|Any CPU
		{ACBA2FA9-ADBB-4FCD-A303-6D8D4B2131AA}.Release|Any CPU.ActiveCfg = Release|Any CPU
		{ACBA2FA9-ADBB-4FCD-A303-6D8D4B2131AA}.Release|Any CPU.Build.0 = Release|Any CPU
		{6636FED3-3BE6-4A5F-A8F9-15ED4FC71A3A}.Debug|Any CPU.ActiveCfg = Debug|Any CPU
		{6636FED3-3BE6-4A5F-A8F9-15ED4FC71A3A}.Debug|Any CPU.Build.0 = Debug|Any CPU
		{6636FED3-3BE6-4A5F-A8F9-15ED4FC71A3A}.Release|Any CPU.ActiveCfg = Release|Any CPU
		{6636FED3-3BE6-4A5F-A8F9-15ED4FC71A3A}.Release|Any CPU.Build.0 = Release|Any CPU
		{3D558DAB-E330-0B21-6BFD-6B3CC78AB653}.Debug|Any CPU.ActiveCfg = Debug|Any CPU
		{3D558DAB-E330-0B21-6BFD-6B3CC78AB653}.Debug|Any CPU.Build.0 = Debug|Any CPU
		{3D558DAB-E330-0B21-6BFD-6B3CC78AB653}.Release|Any CPU.ActiveCfg = Release|Any CPU
		{3D558DAB-E330-0B21-6BFD-6B3CC78AB653}.Release|Any CPU.Build.0 = Release|Any CPU
		{64268ECF-AB72-5485-9CEA-D8350A202CA8}.Debug|Any CPU.ActiveCfg = Debug|Any CPU
		{64268ECF-AB72-5485-9CEA-D8350A202CA8}.Debug|Any CPU.Build.0 = Debug|Any CPU
		{64268ECF-AB72-5485-9CEA-D8350A202CA8}.Release|Any CPU.ActiveCfg = Release|Any CPU
		{64268ECF-AB72-5485-9CEA-D8350A202CA8}.Release|Any CPU.Build.0 = Release|Any CPU
		{D2046750-0B6D-41CC-8C87-BE3524FDC9C7}.Debug|Any CPU.ActiveCfg = Debug|Any CPU
		{D2046750-0B6D-41CC-8C87-BE3524FDC9C7}.Debug|Any CPU.Build.0 = Debug|Any CPU
		{D2046750-0B6D-41CC-8C87-BE3524FDC9C7}.Debug|Any CPU.Deploy.0 = Debug|Any CPU
		{D2046750-0B6D-41CC-8C87-BE3524FDC9C7}.Release|Any CPU.ActiveCfg = Release|Any CPU
		{D2046750-0B6D-41CC-8C87-BE3524FDC9C7}.Release|Any CPU.Build.0 = Release|Any CPU
	EndGlobalSection
	GlobalSection(SolutionProperties) = preSolution
		HideSolutionNode = FALSE
	EndGlobalSection
	GlobalSection(NestedProjects) = preSolution
		{6E0528E7-81A4-4AA4-9E04-BDDB40CD33EC} = {1AD03316-A743-4E9D-B3BC-FB9499D15141}
		{800A173E-67E6-44BC-9BF1-52562A785A34} = {1AD03316-A743-4E9D-B3BC-FB9499D15141}
		{F8D111B0-BF41-4F76-B404-BDDDC53A4462} = {1AD03316-A743-4E9D-B3BC-FB9499D15141}
		{5C355BCB-A344-4259-82D1-1DA07EE9C83A} = {1AD03316-A743-4E9D-B3BC-FB9499D15141}
		{C4789097-3694-4370-9252-44268661A26E} = {1AD03316-A743-4E9D-B3BC-FB9499D15141}
		{B4C0ADA2-0442-4B7E-BFD9-AA39B52A0D42} = {1AD03316-A743-4E9D-B3BC-FB9499D15141}
		{02EBA5AD-84B4-4AF4-B519-72061C08800D} = {1AD03316-A743-4E9D-B3BC-FB9499D15141}
		{2022279A-E39F-4489-82AE-39AC53C594C9} = {29BE158E-825E-48AB-A02D-4E537A5DC502}
		{45932B7F-6ED0-40F3-AA2C-F14A844FEE18} = {29BE158E-825E-48AB-A02D-4E537A5DC502}
		{6BAA9747-E0D0-41B9-8A1B-88B777498C43} = {29BE158E-825E-48AB-A02D-4E537A5DC502}
		{BE88233A-D6EB-462B-B53C-B588A0BEFAFC} = {29BE158E-825E-48AB-A02D-4E537A5DC502}
		{9959387D-8C47-462C-808E-A1E865658C3F} = {02EA681E-C7D8-13C7-8484-4AC65E1B71E8}
		{2FD0A058-A447-42C7-A00B-711B2D0B3333} = {02EA681E-C7D8-13C7-8484-4AC65E1B71E8}
		{5D403BF6-9267-4B0F-AEB3-2143C8BBA8CD} = {02EA681E-C7D8-13C7-8484-4AC65E1B71E8}
		{86729635-8E31-4C53-81AE-7C410C848219} = {02EA681E-C7D8-13C7-8484-4AC65E1B71E8}
		{37F01A0B-50D6-48BA-8A20-FBADB5524CD7} = {02EA681E-C7D8-13C7-8484-4AC65E1B71E8}
		{ACBA2FA9-ADBB-4FCD-A303-6D8D4B2131AA} = {02EA681E-C7D8-13C7-8484-4AC65E1B71E8}
		{6636FED3-3BE6-4A5F-A8F9-15ED4FC71A3A} = {1AD03316-A743-4E9D-B3BC-FB9499D15141}
		{3D558DAB-E330-0B21-6BFD-6B3CC78AB653} = {1AD03316-A743-4E9D-B3BC-FB9499D15141}
		{64268ECF-AB72-5485-9CEA-D8350A202CA8} = {1AD03316-A743-4E9D-B3BC-FB9499D15141}
		{D2046750-0B6D-41CC-8C87-BE3524FDC9C7} = {1AD03316-A743-4E9D-B3BC-FB9499D15141}
	EndGlobalSection
	GlobalSection(ExtensibilityGlobals) = postSolution
		SolutionGuid = {845545A8-2006-46C3-ABD7-5BDF63F3858C}
	EndGlobalSection
EndGlobal
