
Microsoft Visual Studio Solution File, Format Version 12.00
# Visual Studio Version 17
VisualStudioVersion = 17.9.34728.123
MinimumVisualStudioVersion = 10.0.40219.1
Project("{FAE04EC0-301F-11D3-BF4B-00C04F79EFBC}") = "MultiTenancySample.SchemaIsolationService", "MultiTenancySample.SchemaIsolationService\MultiTenancySample.SchemaIsolationService.csproj", "{57818F02-DC4F-44CD-89A6-75D00AB5640C}"
EndProject
Project("{FAE04EC0-301F-11D3-BF4B-00C04F79EFBC}") = "MultiTenancySample.DatabaseIsolationService", "MultiTenancySample.DatabaseIsolationService\MultiTenancySample.DatabaseIsolationService.csproj", "{340A9AE9-C3FA-4555-86AF-395780D2B89B}"
EndProject
Project("{FAE04EC0-301F-11D3-BF4B-00C04F79EFBC}") = "MultiTenancySample.FieldIsolationService", "MultiTenancySample.FieldIsolationService\MultiTenancySample.FieldIsolationService.csproj", "{0B3EB138-AE17-4EB0-B282-88777F6D5FCA}"
EndProject
Project("{FAE04EC0-301F-11D3-BF4B-00C04F79EFBC}") = "MultiTenancySample.ServiceDefaults", "MultiTenancySample.ServiceDefaults\MultiTenancySample.ServiceDefaults.csproj", "{CF4169D1-AB89-42FD-B209-FCBA9B6F0816}"
EndProject
Global
	GlobalSection(SolutionConfigurationPlatforms) = preSolution
		Debug|Any CPU = Debug|Any CPU
		Release|Any CPU = Release|Any CPU
	EndGlobalSection
	GlobalSection(ProjectConfigurationPlatforms) = postSolution
		{57818F02-DC4F-44CD-89A6-75D00AB5640C}.Debug|Any CPU.ActiveCfg = Debug|Any CPU
		{57818F02-DC4F-44CD-89A6-75D00AB5640C}.Debug|Any CPU.Build.0 = Debug|Any CPU
		{57818F02-DC4F-44CD-89A6-75D00AB5640C}.Release|Any CPU.ActiveCfg = Release|Any CPU
		{57818F02-DC4F-44CD-89A6-75D00AB5640C}.Release|Any CPU.Build.0 = Release|Any CPU
		{340A9AE9-C3FA-4555-86AF-395780D2B89B}.Debug|Any CPU.ActiveCfg = Debug|Any CPU
		{340A9AE9-C3FA-4555-86AF-395780D2B89B}.Debug|Any CPU.Build.0 = Debug|Any CPU
		{340A9AE9-C3FA-4555-86AF-395780D2B89B}.Release|Any CPU.ActiveCfg = Release|Any CPU
		{340A9AE9-C3FA-4555-86AF-395780D2B89B}.Release|Any CPU.Build.0 = Release|Any CPU
		{0B3EB138-AE17-4EB0-B282-88777F6D5FCA}.Debug|Any CPU.ActiveCfg = Debug|Any CPU
		{0B3EB138-AE17-4EB0-B282-88777F6D5FCA}.Debug|Any CPU.Build.0 = Debug|Any CPU
		{0B3EB138-AE17-4EB0-B282-88777F6D5FCA}.Release|Any CPU.ActiveCfg = Release|Any CPU
		{0B3EB138-AE17-4EB0-B282-88777F6D5FCA}.Release|Any CPU.Build.0 = Release|Any CPU
		{CF4169D1-AB89-42FD-B209-FCBA9B6F0816}.Debug|Any CPU.ActiveCfg = Debug|Any CPU
		{CF4169D1-AB89-42FD-B209-FCBA9B6F0816}.Debug|Any CPU.Build.0 = Debug|Any CPU
		{CF4169D1-AB89-42FD-B209-FCBA9B6F0816}.Release|Any CPU.ActiveCfg = Release|Any CPU
		{CF4169D1-AB89-42FD-B209-FCBA9B6F0816}.Release|Any CPU.Build.0 = Release|Any CPU
	EndGlobalSection
	GlobalSection(SolutionProperties) = preSolution
		HideSolutionNode = FALSE
	EndGlobalSection
	GlobalSection(ExtensibilityGlobals) = postSolution
		SolutionGuid = {201289BC-2E55-46AF-AD01-B3D4288D9904}
	EndGlobalSection
EndGlobal
