
Microsoft Visual Studio Solution File, Format Version 12.00
# Visual Studio Version 17
VisualStudioVersion = 17.10.35027.167
MinimumVisualStudioVersion = 10.0.40219.1
Project("{FAE04EC0-301F-11D3-BF4B-00C04F79EFBC}") = "GarnetWindowsService", "GarnetWindowsService\GarnetWindowsService.csproj", "{AA03C1F8-86B1-446F-B4A0-4A69903351BB}"
EndProject
Global
	GlobalSection(SolutionConfigurationPlatforms) = preSolution
		Debug|Any CPU = Debug|Any CPU
		Release|Any CPU = Release|Any CPU
	EndGlobalSection
	GlobalSection(ProjectConfigurationPlatforms) = postSolution
		{AA03C1F8-86B1-446F-B4A0-4A69903351BB}.Debug|Any CPU.ActiveCfg = Debug|Any CPU
		{AA03C1F8-86B1-446F-B4A0-4A69903351BB}.Debug|Any CPU.Build.0 = Debug|Any CPU
		{AA03C1F8-86B1-446F-B4A0-4A69903351BB}.Release|Any CPU.ActiveCfg = Release|Any CPU
		{AA03C1F8-86B1-446F-B4A0-4A69903351BB}.Release|Any CPU.Build.0 = Release|Any CPU
	EndGlobalSection
	GlobalSection(SolutionProperties) = preSolution
		HideSolutionNode = FALSE
	EndGlobalSection
	GlobalSection(ExtensibilityGlobals) = postSolution
		SolutionGuid = {9293CD78-718B-4A38-BE60-4A1C7DF6D3F7}
	EndGlobalSection
EndGlobal
